
Microsoft Visual Studio Solution File, Format Version 12.00
# Visual Studio Version 17
VisualStudioVersion = 17.2.32519.379
MinimumVisualStudioVersion = 10.0.40219.1
Project("{FAE04EC0-301F-11D3-BF4B-00C04F79EFBC}") = "Sphere.Shared", "Sphere.Shared\Sphere.Shared.csproj", "{D98969EE-7E15-405B-9DED-4B8EEFFFF359}"
EndProject
Project("{FAE04EC0-301F-11D3-BF4B-00C04F79EFBC}") = "Sphere.Shared.Tests", "Sphere.Shared.Tests\Sphere.Shared.Tests.csproj", "{6E370D79-53DD-43AD-AA79-1882D1D098D5}"
EndProject
Global
	GlobalSection(SolutionConfigurationPlatforms) = preSolution
		Debug|Any CPU = Debug|Any CPU
		Release|Any CPU = Release|Any CPU
	EndGlobalSection
	GlobalSection(ProjectConfigurationPlatforms) = postSolution
		{D98969EE-7E15-405B-9DED-4B8EEFFFF359}.Debug|Any CPU.ActiveCfg = Debug|Any CPU
		{D98969EE-7E15-405B-9DED-4B8EEFFFF359}.Debug|Any CPU.Build.0 = Debug|Any CPU
		{D98969EE-7E15-405B-9DED-4B8EEFFFF359}.Release|Any CPU.ActiveCfg = Release|Any CPU
		{D98969EE-7E15-405B-9DED-4B8EEFFFF359}.Release|Any CPU.Build.0 = Release|Any CPU
		{6E370D79-53DD-43AD-AA79-1882D1D098D5}.Debug|Any CPU.ActiveCfg = Debug|Any CPU
		{6E370D79-53DD-43AD-AA79-1882D1D098D5}.Debug|Any CPU.Build.0 = Debug|Any CPU
		{6E370D79-53DD-43AD-AA79-1882D1D098D5}.Release|Any CPU.ActiveCfg = Release|Any CPU
		{6E370D79-53DD-43AD-AA79-1882D1D098D5}.Release|Any CPU.Build.0 = Release|Any CPU
	EndGlobalSection
	GlobalSection(SolutionProperties) = preSolution
		HideSolutionNode = FALSE
	EndGlobalSection
	GlobalSection(ExtensibilityGlobals) = postSolution
		SolutionGuid = {12948B60-4BC1-438D-82CA-1EA0C936B3E1}
	EndGlobalSection
EndGlobal
